{
  "name": "exercism-test",
  "version": "1.0.0",
  "lockfileVersion": 2,
  "requires": true,
  "packages": {
    "": {
      "name": "exercism-test",
      "version": "1.0.0",
      "license": "ISC",
      "dependencies": {
        "@abaplint/cli": "^2.88.1",
        "@abaplint/runtime": "^2.0.1",
        "@abaplint/transpiler": "^2.0.1",
        "@abaplint/transpiler-cli": "^2.0.1"
      }
    },
    "node_modules/@abaplint/cli": {
      "version": "2.88.1",
      "resolved": "https://registry.npmjs.org/@abaplint/cli/-/cli-2.88.1.tgz",
      "integrity": "sha512-0KrocWLxE1s8oEc80wNAYQ3OmcBC0QvfLJz5rfbRqsJvyQ33NEGLAVDjb0m93LLCNcjDZkBLKgVIsKIAJepEpw==",
      "bin": {
        "abaplint": "abaplint"
      },
      "engines": {
        "node": ">=12.0.0"
      }
    },
    "node_modules/@abaplint/core": {
      "version": "2.88.1",
      "resolved": "https://registry.npmjs.org/@abaplint/core/-/core-2.88.1.tgz",
      "integrity": "sha512-vvEXrQVnGzXJ5cjkzdkpzfR0T8OvHia1S2unM44hJkrCwES4Xdk36CfaGcMh8j6/pE6KA0dsEJ/CqzrCMODNwA==",
      "dependencies": {
        "fast-xml-parser": "^4.0.7",
        "json5": "^2.2.1",
        "vscode-languageserver-protocol": "^3.16.0",
        "vscode-languageserver-types": "^3.16.0"
      },
      "engines": {
        "node": ">=12.0.0"
      }
    },
    "node_modules/@abaplint/runtime": {
      "version": "2.0.1",
      "resolved": "https://registry.npmjs.org/@abaplint/runtime/-/runtime-2.0.1.tgz",
      "integrity": "sha512-xhlDNPnfHq1/K57rEnUmquhHNhdMxtP3Ff7P+XzDArCyY0V9qMlU6D6SzUUpfzN62WxhmddK6kaBPA89DB8KoA=="
    },
    "node_modules/@abaplint/transpiler": {
      "version": "2.0.1",
      "resolved": "https://registry.npmjs.org/@abaplint/transpiler/-/transpiler-2.0.1.tgz",
      "integrity": "sha512-RADnQ+RCLXAVck2XE+IbSbKXPMaVpwZwtBtEdcCzufSCS4nU28LCgC2HpCuCGunEcgSYQ+GwsGmrrCI+zZA99Q==",
      "dependencies": {
        "@abaplint/core": "^2.88.1",
        "source-map": "^0.7.3"
      }
    },
    "node_modules/@abaplint/transpiler-cli": {
      "version": "2.0.1",
      "resolved": "https://registry.npmjs.org/@abaplint/transpiler-cli/-/transpiler-cli-2.0.1.tgz",
      "integrity": "sha512-ZGnjWJxyfgeQWCmvVBrV/6vNHgPS5M23k+Quy3BNtg+pjBSyMIgMZEUR9UGRj2VIeyZfrGq/RMktWqTW44Bg9A==",
      "bin": {
        "abap_transpile": "abap_transpile"
      }
    },
    "node_modules/fast-xml-parser": {
      "version": "4.0.7",
      "resolved": "https://registry.npmjs.org/fast-xml-parser/-/fast-xml-parser-4.0.7.tgz",
      "integrity": "sha512-dMtibyus3kC7nbxj1CpVtysLzO13UOAZEFAb5vpQg3T4O6qvetmSePpXKFx5KPNCHKoGwjtgjfF5DOyn7s1ylQ==",
      "dependencies": {
        "strnum": "^1.0.5"
      },
      "bin": {
        "fxparser": "src/cli/cli.js"
      },
      "funding": {
        "type": "paypal",
        "url": "https://paypal.me/naturalintelligence"
      }
    },
    "node_modules/json5": {
      "version": "2.2.1",
      "resolved": "https://registry.npmjs.org/json5/-/json5-2.2.1.tgz",
      "integrity": "sha512-1hqLFMSrGHRHxav9q9gNjJ5EXznIxGVO09xQRrwplcS8qs28pZ8s8hupZAmqDwZUmVZ2Qb2jnyPOWcDH8m8dlA==",
      "bin": {
        "json5": "lib/cli.js"
      },
      "engines": {
        "node": ">=6"
      }
    },
    "node_modules/source-map": {
      "version": "0.7.3",
      "resolved": "https://registry.npmjs.org/source-map/-/source-map-0.7.3.tgz",
      "integrity": "sha512-CkCj6giN3S+n9qrYiBTX5gystlENnRW5jZeNLHpe6aue+SrHcG5VYwujhW9s4dY31mEGsxBDrHR6oI69fTXsaQ==",
      "engines": {
        "node": ">= 8"
      }
    },
    "node_modules/strnum": {
      "version": "1.0.5",
      "resolved": "https://registry.npmjs.org/strnum/-/strnum-1.0.5.tgz",
      "integrity": "sha512-J8bbNyKKXl5qYcR36TIO8W3mVGVHrmmxsd5PAItGkmyzwJvybiw2IVq5nqd0i4LSNSkB/sx9VHllbfFdr9k1JA=="
    },
    "node_modules/vscode-jsonrpc": {
      "version": "6.0.0",
      "resolved": "https://registry.npmjs.org/vscode-jsonrpc/-/vscode-jsonrpc-6.0.0.tgz",
      "integrity": "sha512-wnJA4BnEjOSyFMvjZdpiOwhSq9uDoK8e/kpRJDTaMYzwlkrhG1fwDIZI94CLsLzlCK5cIbMMtFlJlfR57Lavmg==",
      "engines": {
        "node": ">=8.0.0 || >=10.0.0"
      }
    },
    "node_modules/vscode-languageserver-protocol": {
      "version": "3.16.0",
      "resolved": "https://registry.npmjs.org/vscode-languageserver-protocol/-/vscode-languageserver-protocol-3.16.0.tgz",
      "integrity": "sha512-sdeUoAawceQdgIfTI+sdcwkiK2KU+2cbEYA0agzM2uqaUy2UpnnGHtWTHVEtS0ES4zHU0eMFRGN+oQgDxlD66A==",
      "dependencies": {
        "vscode-jsonrpc": "6.0.0",
        "vscode-languageserver-types": "3.16.0"
      }
    },
    "node_modules/vscode-languageserver-types": {
      "version": "3.16.0",
      "resolved": "https://registry.npmjs.org/vscode-languageserver-types/-/vscode-languageserver-types-3.16.0.tgz",
      "integrity": "sha512-k8luDIWJWyenLc5ToFQQMaSrqCHiLwyKPHKPQZ5zz21vM+vIVUSvsRpcbiECH4WR88K2XZqc4ScRcZ7nk/jbeA=="
    }
  },
  "dependencies": {
    "@abaplint/cli": {
      "version": "2.88.1",
      "resolved": "https://registry.npmjs.org/@abaplint/cli/-/cli-2.88.1.tgz",
      "integrity": "sha512-0KrocWLxE1s8oEc80wNAYQ3OmcBC0QvfLJz5rfbRqsJvyQ33NEGLAVDjb0m93LLCNcjDZkBLKgVIsKIAJepEpw=="
    },
    "@abaplint/core": {
      "version": "2.88.1",
      "resolved": "https://registry.npmjs.org/@abaplint/core/-/core-2.88.1.tgz",
      "integrity": "sha512-vvEXrQVnGzXJ5cjkzdkpzfR0T8OvHia1S2unM44hJkrCwES4Xdk36CfaGcMh8j6/pE6KA0dsEJ/CqzrCMODNwA==",
      "requires": {
        "fast-xml-parser": "^4.0.7",
        "json5": "^2.2.1",
        "vscode-languageserver-protocol": "^3.16.0",
        "vscode-languageserver-types": "^3.16.0"
      }
    },
    "@abaplint/runtime": {
      "version": "2.0.1",
      "resolved": "https://registry.npmjs.org/@abaplint/runtime/-/runtime-2.0.1.tgz",
      "integrity": "sha512-xhlDNPnfHq1/K57rEnUmquhHNhdMxtP3Ff7P+XzDArCyY0V9qMlU6D6SzUUpfzN62WxhmddK6kaBPA89DB8KoA=="
    },
    "@abaplint/transpiler": {
      "version": "2.0.1",
      "resolved": "https://registry.npmjs.org/@abaplint/transpiler/-/transpiler-2.0.1.tgz",
      "integrity": "sha512-RADnQ+RCLXAVck2XE+IbSbKXPMaVpwZwtBtEdcCzufSCS4nU28LCgC2HpCuCGunEcgSYQ+GwsGmrrCI+zZA99Q==",
      "requires": {
        "@abaplint/core": "^2.88.1",
        "source-map": "^0.7.3"
      }
    },
    "@abaplint/transpiler-cli": {
      "version": "2.0.1",
      "resolved": "https://registry.npmjs.org/@abaplint/transpiler-cli/-/transpiler-cli-2.0.1.tgz",
      "integrity": "sha512-ZGnjWJxyfgeQWCmvVBrV/6vNHgPS5M23k+Quy3BNtg+pjBSyMIgMZEUR9UGRj2VIeyZfrGq/RMktWqTW44Bg9A=="
    },
    "fast-xml-parser": {
      "version": "4.0.7",
      "resolved": "https://registry.npmjs.org/fast-xml-parser/-/fast-xml-parser-4.0.7.tgz",
      "integrity": "sha512-dMtibyus3kC7nbxj1CpVtysLzO13UOAZEFAb5vpQg3T4O6qvetmSePpXKFx5KPNCHKoGwjtgjfF5DOyn7s1ylQ==",
      "requires": {
        "strnum": "^1.0.5"
      }
    },
    "json5": {
      "version": "2.2.1",
      "resolved": "https://registry.npmjs.org/json5/-/json5-2.2.1.tgz",
      "integrity": "sha512-1hqLFMSrGHRHxav9q9gNjJ5EXznIxGVO09xQRrwplcS8qs28pZ8s8hupZAmqDwZUmVZ2Qb2jnyPOWcDH8m8dlA=="
    },
    "source-map": {
      "version": "0.7.3",
      "resolved": "https://registry.npmjs.org/source-map/-/source-map-0.7.3.tgz",
      "integrity": "sha512-CkCj6giN3S+n9qrYiBTX5gystlENnRW5jZeNLHpe6aue+SrHcG5VYwujhW9s4dY31mEGsxBDrHR6oI69fTXsaQ=="
    },
    "strnum": {
      "version": "1.0.5",
      "resolved": "https://registry.npmjs.org/strnum/-/strnum-1.0.5.tgz",
      "integrity": "sha512-J8bbNyKKXl5qYcR36TIO8W3mVGVHrmmxsd5PAItGkmyzwJvybiw2IVq5nqd0i4LSNSkB/sx9VHllbfFdr9k1JA=="
    },
    "vscode-jsonrpc": {
      "version": "6.0.0",
      "resolved": "https://registry.npmjs.org/vscode-jsonrpc/-/vscode-jsonrpc-6.0.0.tgz",
      "integrity": "sha512-wnJA4BnEjOSyFMvjZdpiOwhSq9uDoK8e/kpRJDTaMYzwlkrhG1fwDIZI94CLsLzlCK5cIbMMtFlJlfR57Lavmg=="
    },
    "vscode-languageserver-protocol": {
      "version": "3.16.0",
      "resolved": "https://registry.npmjs.org/vscode-languageserver-protocol/-/vscode-languageserver-protocol-3.16.0.tgz",
      "integrity": "sha512-sdeUoAawceQdgIfTI+sdcwkiK2KU+2cbEYA0agzM2uqaUy2UpnnGHtWTHVEtS0ES4zHU0eMFRGN+oQgDxlD66A==",
      "requires": {
        "vscode-jsonrpc": "6.0.0",
        "vscode-languageserver-types": "3.16.0"
      }
    },
    "vscode-languageserver-types": {
      "version": "3.16.0",
      "resolved": "https://registry.npmjs.org/vscode-languageserver-types/-/vscode-languageserver-types-3.16.0.tgz",
      "integrity": "sha512-k8luDIWJWyenLc5ToFQQMaSrqCHiLwyKPHKPQZ5zz21vM+vIVUSvsRpcbiECH4WR88K2XZqc4ScRcZ7nk/jbeA=="
    }
  }
}
