{
  "name": "exercism-test",
  "version": "1.0.0",
  "lockfileVersion": 2,
  "requires": true,
  "packages": {
    "": {
      "name": "exercism-test",
      "version": "1.0.0",
      "license": "ISC",
      "dependencies": {
        "@abaplint/cli": "^2.91.2",
        "@abaplint/runtime": "^2.0.36",
        "@abaplint/transpiler": "^2.0.36",
        "@abaplint/transpiler-cli": "^2.0.36"
      }
    },
    "node_modules/@abaplint/cli": {
      "version": "2.91.2",
      "resolved": "https://registry.npmjs.org/@abaplint/cli/-/cli-2.91.2.tgz",
      "integrity": "sha512-073SGLfz99e3K9+pqiHb1hU4kcdfuFylHkTSra/SJK1t9B+RSIfIQS9/+SzcHxPc8v4MZVibktXUDbzbU2bK6A==",
      "bin": {
        "abaplint": "abaplint"
      },
      "engines": {
        "node": ">=12.0.0"
      }
    },
    "node_modules/@abaplint/core": {
      "version": "2.91.2",
      "resolved": "https://registry.npmjs.org/@abaplint/core/-/core-2.91.2.tgz",
      "integrity": "sha512-bsHwR5fuThVzn21TY/AeziPcVWxQgp3jsW27d+XQzpZXDRfaO1TE4o0USJiPiZKeWSmOgLmEsicmilCI03FbAg==",
      "dependencies": {
        "fast-xml-parser": "^4.0.8",
        "json5": "^2.2.1",
        "vscode-languageserver-types": "^3.17.1"
      },
      "engines": {
        "node": ">=12.0.0"
      }
    },
    "node_modules/@abaplint/runtime": {
      "version": "2.0.36",
      "resolved": "https://registry.npmjs.org/@abaplint/runtime/-/runtime-2.0.36.tgz",
      "integrity": "sha512-TwAUHpLHQW9FXJ98uQqHXpOP/f3+AAWJ4WWx//35WT2IA9RWKyAxdoIpii6fnEshJEc8B6VRnHrxk3fvDATfhg=="
    },
    "node_modules/@abaplint/transpiler": {
      "version": "2.0.36",
      "resolved": "https://registry.npmjs.org/@abaplint/transpiler/-/transpiler-2.0.36.tgz",
      "integrity": "sha512-/0X0UkYPZo72ncqf1TXLQgFNQuprZMdIJ5RxNHBt/lEeD0DETI28sQ68vU7lQDlC/lPvo/+HKLT7e2wKcbYetw==",
      "dependencies": {
        "@abaplint/core": "^2.91.2",
        "source-map": "^0.7.4"
      }
    },
    "node_modules/@abaplint/transpiler-cli": {
      "version": "2.0.36",
      "resolved": "https://registry.npmjs.org/@abaplint/transpiler-cli/-/transpiler-cli-2.0.36.tgz",
      "integrity": "sha512-Fx6h9EZKGaD3sM2xYfjYQgCImfWIBtw4OI4OpxsOaXGPKOBQrqrA+0gXNl/Q6X2Q3+tQsg54ZWLtiAWcRx/KPA==",
      "bin": {
        "abap_transpile": "abap_transpile"
      }
    },
    "node_modules/fast-xml-parser": {
      "version": "4.0.8",
      "resolved": "https://registry.npmjs.org/fast-xml-parser/-/fast-xml-parser-4.0.8.tgz",
      "integrity": "sha512-N4XqZaRMuHMvOFwFlqeBTlvrnXU+QN8wvCl2g9fHzMx2BnLoIYRDwy6XwI8FxogHMFI9OfGQBCddgckvSLTnvg==",
      "dependencies": {
        "strnum": "^1.0.5"
      },
      "bin": {
        "fxparser": "src/cli/cli.js"
      },
      "funding": {
        "type": "paypal",
        "url": "https://paypal.me/naturalintelligence"
      }
    },
    "node_modules/json5": {
      "version": "2.2.1",
      "resolved": "https://registry.npmjs.org/json5/-/json5-2.2.1.tgz",
      "integrity": "sha512-1hqLFMSrGHRHxav9q9gNjJ5EXznIxGVO09xQRrwplcS8qs28pZ8s8hupZAmqDwZUmVZ2Qb2jnyPOWcDH8m8dlA==",
      "bin": {
        "json5": "lib/cli.js"
      },
      "engines": {
        "node": ">=6"
      }
    },
    "node_modules/source-map": {
      "version": "0.7.4",
      "resolved": "https://registry.npmjs.org/source-map/-/source-map-0.7.4.tgz",
      "integrity": "sha512-l3BikUxvPOcn5E74dZiq5BGsTb5yEwhaTSzccU6t4sDOH8NWJCstKO5QT2CvtFoK6F0saL7p9xHAqHOlCPJygA==",
      "engines": {
        "node": ">= 8"
      }
    },
    "node_modules/strnum": {
      "version": "1.0.5",
      "resolved": "https://registry.npmjs.org/strnum/-/strnum-1.0.5.tgz",
      "integrity": "sha512-J8bbNyKKXl5qYcR36TIO8W3mVGVHrmmxsd5PAItGkmyzwJvybiw2IVq5nqd0i4LSNSkB/sx9VHllbfFdr9k1JA=="
    },
    "node_modules/vscode-languageserver-types": {
      "version": "3.17.1",
      "resolved": "https://registry.npmjs.org/vscode-languageserver-types/-/vscode-languageserver-types-3.17.1.tgz",
      "integrity": "sha512-K3HqVRPElLZVVPtMeKlsyL9aK0GxGQpvtAUTfX4k7+iJ4mc1M+JM+zQwkgGy2LzY0f0IAafe8MKqIkJrxfGGjQ=="
    }
  },
  "dependencies": {
    "@abaplint/cli": {
      "version": "2.91.2",
      "resolved": "https://registry.npmjs.org/@abaplint/cli/-/cli-2.91.2.tgz",
      "integrity": "sha512-073SGLfz99e3K9+pqiHb1hU4kcdfuFylHkTSra/SJK1t9B+RSIfIQS9/+SzcHxPc8v4MZVibktXUDbzbU2bK6A=="
    },
    "@abaplint/core": {
      "version": "2.91.2",
      "resolved": "https://registry.npmjs.org/@abaplint/core/-/core-2.91.2.tgz",
      "integrity": "sha512-bsHwR5fuThVzn21TY/AeziPcVWxQgp3jsW27d+XQzpZXDRfaO1TE4o0USJiPiZKeWSmOgLmEsicmilCI03FbAg==",
      "requires": {
        "fast-xml-parser": "^4.0.8",
        "json5": "^2.2.1",
        "vscode-languageserver-types": "^3.17.1"
      }
    },
    "@abaplint/runtime": {
      "version": "2.0.36",
      "resolved": "https://registry.npmjs.org/@abaplint/runtime/-/runtime-2.0.36.tgz",
      "integrity": "sha512-TwAUHpLHQW9FXJ98uQqHXpOP/f3+AAWJ4WWx//35WT2IA9RWKyAxdoIpii6fnEshJEc8B6VRnHrxk3fvDATfhg=="
    },
    "@abaplint/transpiler": {
      "version": "2.0.36",
      "resolved": "https://registry.npmjs.org/@abaplint/transpiler/-/transpiler-2.0.36.tgz",
      "integrity": "sha512-/0X0UkYPZo72ncqf1TXLQgFNQuprZMdIJ5RxNHBt/lEeD0DETI28sQ68vU7lQDlC/lPvo/+HKLT7e2wKcbYetw==",
      "requires": {
        "@abaplint/core": "^2.91.2",
        "source-map": "^0.7.4"
      }
    },
    "@abaplint/transpiler-cli": {
      "version": "2.0.36",
      "resolved": "https://registry.npmjs.org/@abaplint/transpiler-cli/-/transpiler-cli-2.0.36.tgz",
      "integrity": "sha512-Fx6h9EZKGaD3sM2xYfjYQgCImfWIBtw4OI4OpxsOaXGPKOBQrqrA+0gXNl/Q6X2Q3+tQsg54ZWLtiAWcRx/KPA=="
    },
    "fast-xml-parser": {
      "version": "4.0.8",
      "resolved": "https://registry.npmjs.org/fast-xml-parser/-/fast-xml-parser-4.0.8.tgz",
      "integrity": "sha512-N4XqZaRMuHMvOFwFlqeBTlvrnXU+QN8wvCl2g9fHzMx2BnLoIYRDwy6XwI8FxogHMFI9OfGQBCddgckvSLTnvg==",
      "requires": {
        "strnum": "^1.0.5"
      }
    },
    "json5": {
      "version": "2.2.1",
      "resolved": "https://registry.npmjs.org/json5/-/json5-2.2.1.tgz",
      "integrity": "sha512-1hqLFMSrGHRHxav9q9gNjJ5EXznIxGVO09xQRrwplcS8qs28pZ8s8hupZAmqDwZUmVZ2Qb2jnyPOWcDH8m8dlA=="
    },
    "source-map": {
      "version": "0.7.4",
      "resolved": "https://registry.npmjs.org/source-map/-/source-map-0.7.4.tgz",
      "integrity": "sha512-l3BikUxvPOcn5E74dZiq5BGsTb5yEwhaTSzccU6t4sDOH8NWJCstKO5QT2CvtFoK6F0saL7p9xHAqHOlCPJygA=="
    },
    "strnum": {
      "version": "1.0.5",
      "resolved": "https://registry.npmjs.org/strnum/-/strnum-1.0.5.tgz",
      "integrity": "sha512-J8bbNyKKXl5qYcR36TIO8W3mVGVHrmmxsd5PAItGkmyzwJvybiw2IVq5nqd0i4LSNSkB/sx9VHllbfFdr9k1JA=="
    },
    "vscode-languageserver-types": {
      "version": "3.17.1",
      "resolved": "https://registry.npmjs.org/vscode-languageserver-types/-/vscode-languageserver-types-3.17.1.tgz",
      "integrity": "sha512-K3HqVRPElLZVVPtMeKlsyL9aK0GxGQpvtAUTfX4k7+iJ4mc1M+JM+zQwkgGy2LzY0f0IAafe8MKqIkJrxfGGjQ=="
    }
  }
}
